
Microsoft Visual Studio Solution File, Format Version 12.00
# Visual Studio 14
VisualStudioVersion = 14.0.24720.0
MinimumVisualStudioVersion = 10.0.40219.1
Project("{FAE04EC0-301F-11D3-BF4B-00C04F79EFBC}") = "Shaman.Domain", "Domain\Shaman.Domain.csproj", "{98247E27-97FC-46F0-95EE-221B5FA51E13}"
EndProject
Project("{FAE04EC0-301F-11D3-BF4B-00C04F79EFBC}") = "Shaman.Data", "DataAccess\Shaman.Data.csproj", "{213D13CD-1A5A-4555-A298-B4EA88FB5908}"
EndProject
Project("{FAE04EC0-301F-11D3-BF4B-00C04F79EFBC}") = "Shaman.Web", "Web\Shaman.Web.csproj", "{8F6D303C-7182-4B7B-8502-7537760DBB9B}"
EndProject
Project("{2150E333-8FDC-42A3-9474-1A3956D46DE8}") = "Solution Items", "Solution Items", "{94552EAD-633C-4706-96E2-0C3F507EEF31}"
EndProject
Project("{2150E333-8FDC-42A3-9474-1A3956D46DE8}") = "Dependencies", "Dependencies", "{85A10BBE-ED64-4EFA-8788-1D59493AFB3C}"
	ProjectSection(SolutionItems) = preProject
		..\..\ShamanExpressDLL.dll = ..\..\ShamanExpressDLL.dll
	EndProjectSection
EndProject
Project("{F184B08F-C81C-45F6-A57F-5ABD9991F28F}") = "ShamanExpressDLL", "ShamanExpressDLL\ShamanExpressDLL.vbproj", "{1A8DFAE4-4E6F-4AD5-9B09-CFA395AA2065}"
EndProject
Project("{FAE04EC0-301F-11D3-BF4B-00C04F79EFBC}") = "Shaman.Business", "Shaman.Business\Shaman.Business.csproj", "{C1632FE7-5EAD-423D-BDEF-2483A1C665FE}"
EndProject
Global
	GlobalSection(SolutionConfigurationPlatforms) = preSolution
		Debug|Any CPU = Debug|Any CPU
		Release|Any CPU = Release|Any CPU
	EndGlobalSection
	GlobalSection(ProjectConfigurationPlatforms) = postSolution
		{98247E27-97FC-46F0-95EE-221B5FA51E13}.Debug|Any CPU.ActiveCfg = Debug|x86
		{98247E27-97FC-46F0-95EE-221B5FA51E13}.Debug|Any CPU.Build.0 = Debug|x86
		{98247E27-97FC-46F0-95EE-221B5FA51E13}.Release|Any CPU.ActiveCfg = Release|Any CPU
		{98247E27-97FC-46F0-95EE-221B5FA51E13}.Release|Any CPU.Build.0 = Release|Any CPU
		{213D13CD-1A5A-4555-A298-B4EA88FB5908}.Debug|Any CPU.ActiveCfg = Debug|x86
		{213D13CD-1A5A-4555-A298-B4EA88FB5908}.Debug|Any CPU.Build.0 = Debug|x86
		{213D13CD-1A5A-4555-A298-B4EA88FB5908}.Release|Any CPU.ActiveCfg = Release|Any CPU
		{213D13CD-1A5A-4555-A298-B4EA88FB5908}.Release|Any CPU.Build.0 = Release|Any CPU
		{8F6D303C-7182-4B7B-8502-7537760DBB9B}.Debug|Any CPU.ActiveCfg = Debug|x86
		{8F6D303C-7182-4B7B-8502-7537760DBB9B}.Debug|Any CPU.Build.0 = Debug|x86
		{8F6D303C-7182-4B7B-8502-7537760DBB9B}.Release|Any CPU.ActiveCfg = Release|Any CPU
		{8F6D303C-7182-4B7B-8502-7537760DBB9B}.Release|Any CPU.Build.0 = Release|Any CPU
		{1A8DFAE4-4E6F-4AD5-9B09-CFA395AA2065}.Debug|Any CPU.ActiveCfg = Debug|x86
		{1A8DFAE4-4E6F-4AD5-9B09-CFA395AA2065}.Debug|Any CPU.Build.0 = Debug|x86
		{1A8DFAE4-4E6F-4AD5-9B09-CFA395AA2065}.Release|Any CPU.ActiveCfg = Release|Any CPU
		{1A8DFAE4-4E6F-4AD5-9B09-CFA395AA2065}.Release|Any CPU.Build.0 = Release|Any CPU
		{C1632FE7-5EAD-423D-BDEF-2483A1C665FE}.Debug|Any CPU.ActiveCfg = Debug|Any CPU
		{C1632FE7-5EAD-423D-BDEF-2483A1C665FE}.Debug|Any CPU.Build.0 = Debug|Any CPU
		{C1632FE7-5EAD-423D-BDEF-2483A1C665FE}.Release|Any CPU.ActiveCfg = Release|Any CPU
		{C1632FE7-5EAD-423D-BDEF-2483A1C665FE}.Release|Any CPU.Build.0 = Release|Any CPU
	EndGlobalSection
	GlobalSection(SolutionProperties) = preSolution
		HideSolutionNode = FALSE
	EndGlobalSection
	GlobalSection(NestedProjects) = preSolution
		{85A10BBE-ED64-4EFA-8788-1D59493AFB3C} = {94552EAD-633C-4706-96E2-0C3F507EEF31}
	EndGlobalSection
EndGlobal
